
Microsoft Visual Studio Solution File, Format Version 12.00
Project("{FAE04EC0-301F-11D3-BF4B-00C04F79EFBC}") = "LLVMWithGeneric", "LLVMWithGeneric\LLVMWithGeneric.csproj", "{AF998802-99EE-482C-BAED-9D42A0602725}"
EndProject
Project("{FAE04EC0-301F-11D3-BF4B-00C04F79EFBC}") = "Example", "Example\Example.csproj", "{D668D170-B129-4296-973F-08FD65B3AA6A}"
EndProject
Global
	GlobalSection(SolutionConfigurationPlatforms) = preSolution
		Debug|Any CPU = Debug|Any CPU
		Release|Any CPU = Release|Any CPU
	EndGlobalSection
	GlobalSection(ProjectConfigurationPlatforms) = postSolution
		{AF998802-99EE-482C-BAED-9D42A0602725}.Debug|Any CPU.ActiveCfg = Debug|Any CPU
		{AF998802-99EE-482C-BAED-9D42A0602725}.Debug|Any CPU.Build.0 = Debug|Any CPU
		{AF998802-99EE-482C-BAED-9D42A0602725}.Release|Any CPU.ActiveCfg = Release|Any CPU
		{AF998802-99EE-482C-BAED-9D42A0602725}.Release|Any CPU.Build.0 = Release|Any CPU
		{D668D170-B129-4296-973F-08FD65B3AA6A}.Debug|Any CPU.ActiveCfg = Debug|Any CPU
		{D668D170-B129-4296-973F-08FD65B3AA6A}.Debug|Any CPU.Build.0 = Debug|Any CPU
		{D668D170-B129-4296-973F-08FD65B3AA6A}.Release|Any CPU.ActiveCfg = Release|Any CPU
		{D668D170-B129-4296-973F-08FD65B3AA6A}.Release|Any CPU.Build.0 = Release|Any CPU
	EndGlobalSection
EndGlobal
